
Microsoft Visual Studio Solution File, Format Version 12.00
# Visual Studio Version 16
VisualStudioVersion = 16.0.29409.12
MinimumVisualStudioVersion = 10.0.40219.1
Project("{2150E333-8FDC-42A3-9474-1A3956D46DE8}") = "DataAccess", "DataAccess", "{64B78321-D30D-4494-8A0C-A0DAD7B00B0D}"
EndProject
Project("{9A19103F-16F7-4668-BE54-9A1E7A4F7556}") = "MindSculptor.DataAccess", "DataAccess\MindSculptor.DataAccess\MindSculptor.DataAccess.csproj", "{4E2CB94E-0B0B-4805-855A-E204B68AFA18}"
EndProject
Project("{2150E333-8FDC-42A3-9474-1A3956D46DE8}") = "Tools", "Tools", "{B726169E-517E-4B59-892E-B216756F446B}"
EndProject
Project("{9A19103F-16F7-4668-BE54-9A1E7A4F7556}") = "MindSculptor.Tools", "Tools\MindSculptor.Tools\MindSculptor.Tools.csproj", "{5D31999E-42CC-4655-BB59-9102EAC4E5D9}"
EndProject
Project("{9A19103F-16F7-4668-BE54-9A1E7A4F7556}") = "MindSculptor.Tools.CodeGeneration", "Tools\MindSculptor.Tools.CodeGeneration\MindSculptor.Tools.CodeGeneration.csproj", "{D5E90BED-47CD-4176-89FF-0A6473C52F6C}"
EndProject
Project("{9A19103F-16F7-4668-BE54-9A1E7A4F7556}") = "MindSculptor.DataAccess.Modelled", "DataAccess\MindSculptor.DataAccess.Modelled\MindSculptor.DataAccess.Modelled.csproj", "{EA8355F9-1736-4497-AE70-E60BE2D73933}"
EndProject
Project("{2150E333-8FDC-42A3-9474-1A3956D46DE8}") = "Applications", "Applications", "{3E3F1F24-4381-46E8-9A6C-59D980C56CA0}"
EndProject
Project("{9A19103F-16F7-4668-BE54-9A1E7A4F7556}") = "DataContextGenerator", "Tools\Applications\DataContextGenerator\DataContextGenerator.csproj", "{C1BDD079-B375-4AC5-92EC-6150D262D59B}"
EndProject
Project("{2150E333-8FDC-42A3-9474-1A3956D46DE8}") = "App", "App", "{57D6AB4D-6512-4B54-B21A-FA91180D3406}"
EndProject
Project("{9A19103F-16F7-4668-BE54-9A1E7A4F7556}") = "MindSculptor.App.AppDataModel", "App\MindSculptor.App.AppDataModel\MindSculptor.App.AppDataModel.csproj", "{05639A9B-1A9E-49B6-BD3C-FF8F7C42707F}"
EndProject
Project("{9A19103F-16F7-4668-BE54-9A1E7A4F7556}") = "MindSculptor.App.AppDataContext", "App\MindSculptor.App.AppDataContext\MindSculptor.App.AppDataContext.csproj", "{99E4C10E-DE16-45C4-AD3D-4EAA6420E23B}"
EndProject
Project("{9A19103F-16F7-4668-BE54-9A1E7A4F7556}") = "SchemaTool", "Tools\Applications\SchemaTool\SchemaTool.csproj", "{7A7637F0-5368-4F6F-958C-C08BFE8BE09C}"
EndProject
Project("{9A19103F-16F7-4668-BE54-9A1E7A4F7556}") = "Harvester", "Tools\Applications\Harvester\Harvester.csproj", "{D24A6229-D4E5-452A-ABC8-3583A860EA16}"
EndProject
Project("{9A19103F-16F7-4668-BE54-9A1E7A4F7556}") = "MtgaLinker", "Tools\Applications\MtgaLinker\MtgaLinker.csproj", "{E9D102BE-FD2D-46F8-A2BF-78ADA4B0249C}"
EndProject
Project("{9A19103F-16F7-4668-BE54-9A1E7A4F7556}") = "MTGAOverlay", "App\MTGAOverlay\MTGAOverlay.csproj", "{6BAD6E98-9341-4ABF-A4A1-83C3708BFA37}"
EndProject
Project("{FAE04EC0-301F-11D3-BF4B-00C04F79EFBC}") = "DataExporter", "Tools\Applications\DataExporter\DataExporter.csproj", "{C0AD957B-5D05-4DE8-A7F6-3ED7986A0635}"
EndProject
Global
	GlobalSection(SolutionConfigurationPlatforms) = preSolution
		Debug|Any CPU = Debug|Any CPU
		Release|Any CPU = Release|Any CPU
	EndGlobalSection
	GlobalSection(ProjectConfigurationPlatforms) = postSolution
		{4E2CB94E-0B0B-4805-855A-E204B68AFA18}.Debug|Any CPU.ActiveCfg = Debug|Any CPU
		{4E2CB94E-0B0B-4805-855A-E204B68AFA18}.Debug|Any CPU.Build.0 = Debug|Any CPU
		{4E2CB94E-0B0B-4805-855A-E204B68AFA18}.Release|Any CPU.ActiveCfg = Release|Any CPU
		{4E2CB94E-0B0B-4805-855A-E204B68AFA18}.Release|Any CPU.Build.0 = Release|Any CPU
		{5D31999E-42CC-4655-BB59-9102EAC4E5D9}.Debug|Any CPU.ActiveCfg = Debug|Any CPU
		{5D31999E-42CC-4655-BB59-9102EAC4E5D9}.Debug|Any CPU.Build.0 = Debug|Any CPU
		{5D31999E-42CC-4655-BB59-9102EAC4E5D9}.Release|Any CPU.ActiveCfg = Release|Any CPU
		{5D31999E-42CC-4655-BB59-9102EAC4E5D9}.Release|Any CPU.Build.0 = Release|Any CPU
		{D5E90BED-47CD-4176-89FF-0A6473C52F6C}.Debug|Any CPU.ActiveCfg = Debug|Any CPU
		{D5E90BED-47CD-4176-89FF-0A6473C52F6C}.Debug|Any CPU.Build.0 = Debug|Any CPU
		{D5E90BED-47CD-4176-89FF-0A6473C52F6C}.Release|Any CPU.ActiveCfg = Release|Any CPU
		{D5E90BED-47CD-4176-89FF-0A6473C52F6C}.Release|Any CPU.Build.0 = Release|Any CPU
		{EA8355F9-1736-4497-AE70-E60BE2D73933}.Debug|Any CPU.ActiveCfg = Debug|Any CPU
		{EA8355F9-1736-4497-AE70-E60BE2D73933}.Debug|Any CPU.Build.0 = Debug|Any CPU
		{EA8355F9-1736-4497-AE70-E60BE2D73933}.Release|Any CPU.ActiveCfg = Release|Any CPU
		{EA8355F9-1736-4497-AE70-E60BE2D73933}.Release|Any CPU.Build.0 = Release|Any CPU
		{C1BDD079-B375-4AC5-92EC-6150D262D59B}.Debug|Any CPU.ActiveCfg = Debug|Any CPU
		{C1BDD079-B375-4AC5-92EC-6150D262D59B}.Debug|Any CPU.Build.0 = Debug|Any CPU
		{C1BDD079-B375-4AC5-92EC-6150D262D59B}.Release|Any CPU.ActiveCfg = Release|Any CPU
		{C1BDD079-B375-4AC5-92EC-6150D262D59B}.Release|Any CPU.Build.0 = Release|Any CPU
		{05639A9B-1A9E-49B6-BD3C-FF8F7C42707F}.Debug|Any CPU.ActiveCfg = Debug|Any CPU
		{05639A9B-1A9E-49B6-BD3C-FF8F7C42707F}.Debug|Any CPU.Build.0 = Debug|Any CPU
		{05639A9B-1A9E-49B6-BD3C-FF8F7C42707F}.Release|Any CPU.ActiveCfg = Release|Any CPU
		{05639A9B-1A9E-49B6-BD3C-FF8F7C42707F}.Release|Any CPU.Build.0 = Release|Any CPU
		{99E4C10E-DE16-45C4-AD3D-4EAA6420E23B}.Debug|Any CPU.ActiveCfg = Debug|Any CPU
		{99E4C10E-DE16-45C4-AD3D-4EAA6420E23B}.Debug|Any CPU.Build.0 = Debug|Any CPU
		{99E4C10E-DE16-45C4-AD3D-4EAA6420E23B}.Release|Any CPU.ActiveCfg = Release|Any CPU
		{99E4C10E-DE16-45C4-AD3D-4EAA6420E23B}.Release|Any CPU.Build.0 = Release|Any CPU
		{7A7637F0-5368-4F6F-958C-C08BFE8BE09C}.Debug|Any CPU.ActiveCfg = Debug|Any CPU
		{7A7637F0-5368-4F6F-958C-C08BFE8BE09C}.Debug|Any CPU.Build.0 = Debug|Any CPU
		{7A7637F0-5368-4F6F-958C-C08BFE8BE09C}.Release|Any CPU.ActiveCfg = Release|Any CPU
		{7A7637F0-5368-4F6F-958C-C08BFE8BE09C}.Release|Any CPU.Build.0 = Release|Any CPU
		{D24A6229-D4E5-452A-ABC8-3583A860EA16}.Debug|Any CPU.ActiveCfg = Debug|Any CPU
		{D24A6229-D4E5-452A-ABC8-3583A860EA16}.Debug|Any CPU.Build.0 = Debug|Any CPU
		{D24A6229-D4E5-452A-ABC8-3583A860EA16}.Release|Any CPU.ActiveCfg = Release|Any CPU
		{D24A6229-D4E5-452A-ABC8-3583A860EA16}.Release|Any CPU.Build.0 = Release|Any CPU
		{E9D102BE-FD2D-46F8-A2BF-78ADA4B0249C}.Debug|Any CPU.ActiveCfg = Debug|Any CPU
		{E9D102BE-FD2D-46F8-A2BF-78ADA4B0249C}.Debug|Any CPU.Build.0 = Debug|Any CPU
		{E9D102BE-FD2D-46F8-A2BF-78ADA4B0249C}.Release|Any CPU.ActiveCfg = Release|Any CPU
		{E9D102BE-FD2D-46F8-A2BF-78ADA4B0249C}.Release|Any CPU.Build.0 = Release|Any CPU
		{6BAD6E98-9341-4ABF-A4A1-83C3708BFA37}.Debug|Any CPU.ActiveCfg = Debug|Any CPU
		{6BAD6E98-9341-4ABF-A4A1-83C3708BFA37}.Debug|Any CPU.Build.0 = Debug|Any CPU
		{6BAD6E98-9341-4ABF-A4A1-83C3708BFA37}.Release|Any CPU.ActiveCfg = Release|Any CPU
		{6BAD6E98-9341-4ABF-A4A1-83C3708BFA37}.Release|Any CPU.Build.0 = Release|Any CPU
		{C0AD957B-5D05-4DE8-A7F6-3ED7986A0635}.Debug|Any CPU.ActiveCfg = Debug|Any CPU
		{C0AD957B-5D05-4DE8-A7F6-3ED7986A0635}.Debug|Any CPU.Build.0 = Debug|Any CPU
		{C0AD957B-5D05-4DE8-A7F6-3ED7986A0635}.Release|Any CPU.ActiveCfg = Release|Any CPU
		{C0AD957B-5D05-4DE8-A7F6-3ED7986A0635}.Release|Any CPU.Build.0 = Release|Any CPU
	EndGlobalSection
	GlobalSection(SolutionProperties) = preSolution
		HideSolutionNode = FALSE
	EndGlobalSection
	GlobalSection(NestedProjects) = preSolution
		{4E2CB94E-0B0B-4805-855A-E204B68AFA18} = {64B78321-D30D-4494-8A0C-A0DAD7B00B0D}
		{5D31999E-42CC-4655-BB59-9102EAC4E5D9} = {B726169E-517E-4B59-892E-B216756F446B}
		{D5E90BED-47CD-4176-89FF-0A6473C52F6C} = {B726169E-517E-4B59-892E-B216756F446B}
		{EA8355F9-1736-4497-AE70-E60BE2D73933} = {64B78321-D30D-4494-8A0C-A0DAD7B00B0D}
		{3E3F1F24-4381-46E8-9A6C-59D980C56CA0} = {B726169E-517E-4B59-892E-B216756F446B}
		{C1BDD079-B375-4AC5-92EC-6150D262D59B} = {3E3F1F24-4381-46E8-9A6C-59D980C56CA0}
		{05639A9B-1A9E-49B6-BD3C-FF8F7C42707F} = {57D6AB4D-6512-4B54-B21A-FA91180D3406}
		{99E4C10E-DE16-45C4-AD3D-4EAA6420E23B} = {57D6AB4D-6512-4B54-B21A-FA91180D3406}
		{7A7637F0-5368-4F6F-958C-C08BFE8BE09C} = {3E3F1F24-4381-46E8-9A6C-59D980C56CA0}
		{D24A6229-D4E5-452A-ABC8-3583A860EA16} = {3E3F1F24-4381-46E8-9A6C-59D980C56CA0}
		{E9D102BE-FD2D-46F8-A2BF-78ADA4B0249C} = {3E3F1F24-4381-46E8-9A6C-59D980C56CA0}
		{6BAD6E98-9341-4ABF-A4A1-83C3708BFA37} = {57D6AB4D-6512-4B54-B21A-FA91180D3406}
		{C0AD957B-5D05-4DE8-A7F6-3ED7986A0635} = {3E3F1F24-4381-46E8-9A6C-59D980C56CA0}
	EndGlobalSection
	GlobalSection(ExtensibilityGlobals) = postSolution
		SolutionGuid = {590DD477-A99B-4731-A6DC-203E7C7DB11D}
	EndGlobalSection
EndGlobal
